github.com/agl/ed25519 v0.0.0-20170116200512-5312a6153412 h1:w1UutsfOrms1J05zt7ISrnJIXKzwaspym5BTKGx93EI=
github.com/agl/ed25519 v0.0.0-20170116200512-5312a6153412/go.mod h1:WPjqKcmVOxf0XSf3YxCJs6N6AOSrOx3obionmG7T0y0=
github.com/bwmarrin/discordgo v0.27.1 h1:ib9AIc/dom1E/fSIulrBwnez0CToJE113ZGt4HoliGY=
github.com/bwmarrin/discordgo v0.27.1/go.mod h1:NJZpH+1AfhIcyQsPeuBKsUtYrRnjkyu0kIVMCHkZtRY=
github.com/davecgh/go-spew v1.1.1 h1:vj9j/u1bqnvCEfJOwUhtlOARqs3+rkHYY13jYWTU97c=
github.com/dchest/siphash v1.2.3 h1:QXwFc8cFOR2dSa/gE6o/HokBMWtLUaNDVd+22aKHeEA=
github.com/dchest/siphash v1.2.3/go.mod h1:0NvQU092bT0ipiFN++/rXm69QG9tVxLAlQHIXMPAkHc=
github.com/decred/base58 v1.0.5 h1:hwcieUM3pfPnE/6p3J100zoRfGkQxBulZHo7GZfOqic=
github.com/decred/base58 v1.0.5/go.mod h1:s/8lukEHFA6bUQQb/v3rjUySJ2hu+RioCzLukAVkrfw=
github.com/decred/dcrd/chaincfg/chainhash v1.0.4 h1:zRCv6tdncLfLTKYqu7hrXvs7hW+8FO/NvwoFvGsrluU=
github.com/decred/dcrd/chaincfg/chainhash v1.0.4/go.mod h1:hA86XxlBWwHivMvxzXTSD0ZCG/LoYsFdWnCekkTMCqY=
github.com/decred/dcrd/chaincfg/v3 v3.2.0 h1:6WxA92AGBkycEuWvxtZMvA76FbzbkDRoK8OGbsR2muk=
github.com/decred/dcrd/crypto/blake256 v1.0.1 h1:7PltbUIQB7u/FfZ39+DGa/ShuMyJ5ilcvdfma9wOH6Y=
github.com/decred/dcrd/crypto/blake256 v1.0.1/go.mod h1:2OfgNZ5wDpcsFmHmCK5gZTPcCXqlm2ArzUIkw9czNJo=
github.com/decred/dcrd/crypto/ripemd160 v1.0.2 h1:TvGTmUBHDU75OHro9ojPLK+Yv7gDl2hnUvRocRCjsys=
github.com/decred/dcrd/crypto/ripemd160 v1.0.2/go.mod h1:uGfjDyePSpa75cSQLzNdVmWlbQMBuiJkvXw/MNKRY4M=
github.com/decred/dcrd/dcrec v1.0.1 h1:gDzlndw0zYxM5BlaV17d7ZJV6vhRe9njPBFeg4Db2UY=
github.com/decred/dcrd/dcrec v1.0.1/go.mod h1:CO+EJd8eHFb8WHa84C7ZBkXsNUIywaTHb+UAuI5uo6o=
github.com/decred/dcrd/dcrec/edwards/v2 v2.0.3 h1:l/lhv2aJCUignzls81+wvga0TFlyoZx8QxRMQgXpZik=
github.com/decred/dcrd/dcrec/edwards/v2 v2.0.3/go.mod h1:AKpV6+wZ2MfPRJnTbQ6NPgWrKzbe9RCIlCF/FKzMtM8=
github.com/decred/dcrd/dcrec/secp256k1/v4 v4.2.0 h1:8UrgZ3GkP4i/CLijOJx79Yu+etlyjdBU4sfcs2WYQMs=
github.com/decred/dcrd/dcrec/secp256k1/v4 v4.2.0/go.mod h1:v57UDF4pDQJcEfFUCRop3lJL149eHGSe9Jvczhzjo/0=
github.com/decred/dcrd/dcrutil/v4 v4.0.1 h1:E+d2TNbpOj0f1L9RqkZkEm1QolFjajvkzxWC5WOPf1s=
github.com/decred/dcrd/dcrutil/v4 v4.0.1/go.mod h1:7EXyHYj8FEqY+WzMuRkF0nh32ueLqhutZDoW4eQ+KRc=
github.com/decred/dcrd/txscript/v4 v4.1.0 h1:uEdcibIOl6BuWj3AqmXZ9xIK/qbo6lHY9aNk29FtkrU=
github.com/decred/dcrd/txscript/v4 v4.1.0/go.mod h1:OVguPtPc4YMkgssxzP8B6XEMf/J3MB6S1JKpxgGQqi0=
github.com/decred/dcrd/wire v1.6.0 h1:YOGwPHk4nzGr6OIwUGb8crJYWDiVLpuMxfDBCCF7s/o=
github.com/decred/dcrd/wire v1.6.0/go.mod h1:XQ8Xv/pN/3xaDcb7sH8FBLS9cdgVctT7HpBKKGsIACk=
github.com/decred/slog v1.2.0 h1:soHAxV52B54Di3WtKLfPum9OFfWqwtf/ygf9njdfnPM=
github.com/decred/slog v1.2.0/go.mod h1:kVXlGnt6DHy2fV5OjSeuvCJ0OmlmTF6LFpEPMu/fOY0=
github.com/gorilla/websocket v1.4.2/go.mod h1:YR8l580nyteQvAITg2hZ9XVh4b55+EU/adAjf1fMHhE=
github.com/gorilla/websocket v1.5.0 h1:PPwGk2jz7EePpoHN/+ClbZu8SPxiqlu12wZP/3sWmnc=
github.com/gorilla/websocket v1.5.0/go.mod h1:YR8l580nyteQvAITg2hZ9XVh4b55+EU/adAjf1fMHhE=
github.com/joho/godotenv v1.5.1 h1:7eLL/+HRGLY0ldzfGMeQkb7vMd0as4CfYvUVzLqw0N0=
github.com/joho/godotenv v1.5.1/go.mod h1:f4LDr5Voq0i2e/R5DDNOoa2zzDfwtkZa6DnEwAbqwq4=
github.com/jyap808/go-gemini v0.0.0-20180113015113-c6ff9465e3bc h1:hKwwquymdK+nDoLQRlspIw7q03srTYJpyiZDpL07bHE=
github.com/jyap808/go-gemini v0.0.0-20180113015113-c6ff9465e3bc/go.mod h1:Zbe5sVoWh546jeMr8OBdVBvLEKCg1mqhQvA/U+gCAuM=
github.com/klauspost/cpuid/v2 v2.0.9 h1:lgaqFMSdTdQYdZ04uHyN2d/eKdOMyi2YLSvlQIBFYa4=
github.com/klauspost/cpuid/v2 v2.0.9/go.mod h1:FInQzS24/EEf25PyTYn52gqo7WaD8xa0213Md/qVLRg=
golang.org/x/crypto v0.0.0-20210421170649-83a5a9bb288b/go.mod h1:T9bdIzuCu7OtxOm1hfPfRQxPLYneinmdGuTeoZ9dtd4=
golang.org/x/crypto v0.1.0 h1:MDRAIl0xIo9Io2xV565hzXHw3zVseKrJKodhohM5CjU=
golang.org/x/crypto v0.1.0/go.mod h1:RecgLatLF4+eUMCP1PoPZQb+cVrJcOPbHkTkbkB9sbw=
golang.org/x/net v0.0.0-20210226172049-e18ecbb05110/go.mod h1:m0MpNAwzfU5UDzcl9v0D8zg8gWTRqZa9RBIspLL5mdg=
golang.org/x/sys v0.0.0-20201119102817-f84b799fce68/go.mod h1:h1NjWce9XRLGQEsW7wpKNCjG9DtNlClVuFLEZdDNbEs=
golang.org/x/sys v0.4.0 h1:Zr2JFtRQNX3BCZ8YtxRE9hNJYC8J6I1MVbMg6owUp18=
golang.org/x/sys v0.4.0/go.mod h1:oPkhp1MJrh7nUepCBck5+mAzfO9JrbApNNgaTdGDITg=
golang.org/x/term v0.0.0-20201126162022-7de9c90e9dd1/go.mod h1:bj7SfCRtBDWHUb9snDiAeCFNEtKQo2Wmx5Cou7ajbmo=
golang.org/x/text v0.3.3/go.mod h1:5Zoc/QRtKVWzQhOtBMvqHzDpF6irO9z98xDceosuGiQ=
golang.org/x/tools v0.0.0-20180917221912-90fa682c2a6e/go.mod h1:n7NCudcB/nEzxVGmLbDWY5pfWTLqBcC2KZ6jyYvM4mQ=
lukechampine.com/blake3 v1.2.1 h1:YuqqRuaqsGV71BV/nm9xlI0MKUv4QC54jQnBChWbGnI=
lukechampine.com/blake3 v1.2.1/go.mod h1:0OFRp7fBtAylGVCO40o87sbupkyIGgbpv1+M1k1LM6k=
