github.com/agl/ed25519 v0.0.0-20170116200512-5312a6153412 h1:w1UutsfOrms1J05zt7ISrnJIXKzwaspym5BTKGx93EI=
github.com/agl/ed25519 v0.0.0-20170116200512-5312a6153412/go.mod h1:WPjqKcmVOxf0XSf3YxCJs6N6AOSrOx3obionmG7T0y0=
github.com/bwmarrin/discordgo v0.26.1 h1:AIrM+g3cl+iYBr4yBxCBp9tD9jR3K7upEjl0d89FRkE=
github.com/bwmarrin/discordgo v0.26.1/go.mod h1:NJZpH+1AfhIcyQsPeuBKsUtYrRnjkyu0kIVMCHkZtRY=
github.com/davecgh/go-spew v1.1.0/go.mod h1:J7Y8YcW2NihsgmVo/mv3lAwl/skON4iLHjSsI+c5H38=
github.com/davecgh/go-spew v1.1.1 h1:vj9j/u1bqnvCEfJOwUhtlOARqs3+rkHYY13jYWTU97c=
github.com/davecgh/go-spew v1.1.1/go.mod h1:J7Y8YcW2NihsgmVo/mv3lAwl/skON4iLHjSsI+c5H38=
github.com/dchest/siphash v1.2.2 h1:9DFz8tQwl9pTVt5iok/9zKyzA1Q6bRGiF3HPiEEVr9I=
github.com/dchest/siphash v1.2.2/go.mod h1:q+IRvb2gOSrUnYoPqHiyHXS0FOBBOdl6tONBlVnOnt4=
github.com/decred/base58 v1.0.3 h1:KGZuh8d1WEMIrK0leQRM47W85KqCAdl2N+uagbctdDI=
github.com/decred/base58 v1.0.3/go.mod h1:pXP9cXCfM2sFLb2viz2FNIdeMWmZDBKG3ZBYbiSM78E=
github.com/decred/dcrd/chaincfg/chainhash v1.0.2/go.mod h1:BpbrGgrPTr3YJYRN3Bm+D9NuaFd+zGyNeIKgrhCXK60=
github.com/decred/dcrd/chaincfg/chainhash v1.0.3 h1:PF2czcYZGW3dz4i/35AUfVAgnqHl9TMNQt1ADTYGOoE=
github.com/decred/dcrd/chaincfg/chainhash v1.0.3/go.mod h1:BpbrGgrPTr3YJYRN3Bm+D9NuaFd+zGyNeIKgrhCXK60=
github.com/decred/dcrd/chaincfg/v3 v3.1.0 h1:u8l+E6ryv8E0WY69pM/lUI36UeAVcLKBwD/Q3xPiuog=
github.com/decred/dcrd/chaincfg/v3 v3.1.0/go.mod h1:4XF9nlx2NeGD4xzw1+L0DGICZMl0a5rKV8nnuHLgk8o=
github.com/decred/dcrd/crypto/blake256 v1.0.0 h1:/8DMNYp9SGi5f0w7uCm6d6M4OU2rGFK09Y2A4Xv7EE0=
github.com/decred/dcrd/crypto/blake256 v1.0.0/go.mod h1:sQl2p6Y26YV+ZOcSTP6thNdn47hh8kt6rqSlvmrXFAc=
github.com/decred/dcrd/crypto/ripemd160 v1.0.1 h1:TjRL4LfftzTjXzaufov96iDAkbY2R3aTvH2YMYa1IOc=
github.com/decred/dcrd/crypto/ripemd160 v1.0.1/go.mod h1:F0H8cjIuWTRoixr/LM3REB8obcWkmYx0gbxpQWR8RPg=
github.com/decred/dcrd/dcrec v1.0.0 h1:W+z6Es+Rai3MXYVoPAxYr5U1DGis0Co33scJ6uH2J6o=
github.com/decred/dcrd/dcrec v1.0.0/go.mod h1:HIaqbEJQ+PDzQcORxnqen5/V1FR3B4VpIfmePklt8Q8=
github.com/decred/dcrd/dcrec/edwards/v2 v2.0.2 h1:bX7rtGTMBDJxujZ29GNqtn7YCAdINjHKnA6J6tBBv6s=
github.com/decred/dcrd/dcrec/edwards/v2 v2.0.2/go.mod h1:d0H8xGMWbiIQP7gN3v2rByWUcuZPm9YsgmnfoxgbINc=
github.com/decred/dcrd/dcrec/secp256k1/v4 v4.0.1 h1:YLtO71vCjJRCBcrPMtQ9nqBsqpA1m5sE92cU+pd5Mcc=
github.com/decred/dcrd/dcrec/secp256k1/v4 v4.0.1/go.mod h1:hyedUtir6IdtD/7lIxGeCxkaw7y45JueMRL4DIyJDKs=
github.com/decred/dcrd/dcrutil/v4 v4.0.0 h1:AY00fWy/ETrMHN0DNV3XUbH1aip2RG1AoTy5dp0+sJE=
github.com/decred/dcrd/dcrutil/v4 v4.0.0/go.mod h1:QQpX5WVH3/ixVtiW15xZMe+neugXX3l2bsrYgq6nz4M=
github.com/decred/dcrd/txscript/v4 v4.0.0 h1:BwaBUCMCmg58MCYoBhxVjL8ZZKUIfoJuxu/djmh8h58=
github.com/decred/dcrd/txscript/v4 v4.0.0/go.mod h1:OJtxNc5RqwQyfrRnG2gG8uMeNPo8IAJp+TD1UKXkqk8=
github.com/decred/dcrd/wire v1.5.0 h1:3SgcEzSjqAMQvOugP0a8iX7yQSpiVT1yNi9bc4iOXVg=
github.com/decred/dcrd/wire v1.5.0/go.mod h1:fzAjVqw32LkbAZIt5mnrvBR751GTa3e0rRQdOIhPY3w=
github.com/decred/slog v1.2.0 h1:soHAxV52B54Di3WtKLfPum9OFfWqwtf/ygf9njdfnPM=
github.com/decred/slog v1.2.0/go.mod h1:kVXlGnt6DHy2fV5OjSeuvCJ0OmlmTF6LFpEPMu/fOY0=
github.com/google/go-cmp v0.5.2 h1:X2ev0eStA3AbceY54o37/0PQ/UWqKEiiO2dKL5OPaFM=
github.com/google/go-cmp v0.5.2/go.mod h1:v8dTdLbMG2kIc/vJvl+f65V22dbkXbowE6jgT/gNBxE=
github.com/google/go-querystring v1.1.0 h1:AnCroh3fv4ZBgVIf1Iwtovgjaw/GiKJo8M8yD/fhyJ8=
github.com/google/go-querystring v1.1.0/go.mod h1:Kcdr2DB4koayq7X8pmAG4sNG59So17icRSOU623lUBU=
github.com/gorilla/websocket v1.4.2/go.mod h1:YR8l580nyteQvAITg2hZ9XVh4b55+EU/adAjf1fMHhE=
github.com/gorilla/websocket v1.5.0 h1:PPwGk2jz7EePpoHN/+ClbZu8SPxiqlu12wZP/3sWmnc=
github.com/gorilla/websocket v1.5.0/go.mod h1:YR8l580nyteQvAITg2hZ9XVh4b55+EU/adAjf1fMHhE=
github.com/joho/godotenv v1.4.0 h1:3l4+N6zfMWnkbPEXKng2o2/MR5mSwTrBih4ZEkkz1lg=
github.com/joho/godotenv v1.4.0/go.mod h1:f4LDr5Voq0i2e/R5DDNOoa2zzDfwtkZa6DnEwAbqwq4=
github.com/jpatel888/go-bitstamp v0.0.0-20180125153949-7d08dfbcc0bc h1:Fbk7EDFodORpaXy4Hu1fDbb4CGXzj9bNFTkpA1L0beU=
github.com/jpatel888/go-bitstamp v0.0.0-20180125153949-7d08dfbcc0bc/go.mod h1:Sp+1C8pWB88I7crpD+Bwl9mnhfV3VS1e12DNmuLq2pc=
github.com/jyap808/go-gemini v0.0.0-20180113015113-c6ff9465e3bc h1:hKwwquymdK+nDoLQRlspIw7q03srTYJpyiZDpL07bHE=
github.com/jyap808/go-gemini v0.0.0-20180113015113-c6ff9465e3bc/go.mod h1:Zbe5sVoWh546jeMr8OBdVBvLEKCg1mqhQvA/U+gCAuM=
github.com/jyap808/go-poloniex v0.0.0-20210419195854-231589bd6a85 h1:pPd8sQblwI3iO2O7/2BGsF6Kk3aiYONzDkXOftVFc3Y=
github.com/jyap808/go-poloniex v0.0.0-20210419195854-231589bd6a85/go.mod h1:FqIuuZoJFmGp2zM7ES9CKSL/61dCj7xGaO/81b1oppE=
github.com/pmezard/go-difflib v1.0.0 h1:4DBwDE0NGyQoBHbLQYPwSUPoCMWR5BEzIk/f1lZbAQM=
github.com/pmezard/go-difflib v1.0.0/go.mod h1:iKH77koFhYxTK1pcRnkKkqfTogsbg7gZNVY4sRDYZ/4=
github.com/shopspring/decimal v1.3.1 h1:2Usl1nmF/WZucqkFZhnfFYxxxu8LG21F6nPQBE5gKV8=
github.com/shopspring/decimal v1.3.1/go.mod h1:DKyhrW/HYNuLGql+MJL6WCR6knT2jwCFRcu2hWCYk4o=
github.com/stretchr/objx v0.1.0/go.mod h1:HFkY916IF+rwdDfMAkV7OtwuqBVzrE8GR6GFx+wExME=
github.com/stretchr/testify v1.7.1 h1:5TQK59W5E3v0r2duFAb7P95B6hEeOyEnHRa8MjYSMTY=
github.com/stretchr/testify v1.7.1/go.mod h1:6Fq8oRcR53rry900zMqJjRRixrwX3KX962/h/Wwjteg=
github.com/thebotguys/signalr v0.0.0-20190119054324-787ebe6729fc h1:fc58Le/8rVCU8jwXUot9i9lkWkEnL0YGI/WLrbXmTWw=
github.com/thebotguys/signalr v0.0.0-20190119054324-787ebe6729fc/go.mod h1:Vjxf5A2hvYlxWvXYlkXUNmlmWspXKKt7YpQ4O3XEd4w=
github.com/toorop/go-bittrex v0.0.5 h1:XQNkcyb/cAtNVFj5CidkLFaJtOgkH997/xJJkNwuTw0=
github.com/toorop/go-bittrex v0.0.5/go.mod h1:oN6IGOY6GJ+jppf9A/fyYtUQNDte7irvf7YMmmGXOrk=
go.etcd.io/bbolt v1.3.6 h1:/ecaJf0sk1l4l6V4awd65v2C3ILy7MSj+s/x1ADCIMU=
go.etcd.io/bbolt v1.3.6/go.mod h1:qXsaaIqmgQH0T+OPdb99Bf+PKfBBQVAdyD6TY9G8XM4=
golang.org/x/crypto v0.0.0-20210421170649-83a5a9bb288b/go.mod h1:T9bdIzuCu7OtxOm1hfPfRQxPLYneinmdGuTeoZ9dtd4=
golang.org/x/crypto v0.1.0 h1:MDRAIl0xIo9Io2xV565hzXHw3zVseKrJKodhohM5CjU=
golang.org/x/crypto v0.1.0/go.mod h1:RecgLatLF4+eUMCP1PoPZQb+cVrJcOPbHkTkbkB9sbw=
golang.org/x/net v0.0.0-20210226172049-e18ecbb05110/go.mod h1:m0MpNAwzfU5UDzcl9v0D8zg8gWTRqZa9RBIspLL5mdg=
golang.org/x/sys v0.0.0-20200923182605-d9f96fdee20d/go.mod h1:h1NjWce9XRLGQEsW7wpKNCjG9DtNlClVuFLEZdDNbEs=
golang.org/x/sys v0.0.0-20201119102817-f84b799fce68/go.mod h1:h1NjWce9XRLGQEsW7wpKNCjG9DtNlClVuFLEZdDNbEs=
golang.org/x/sys v0.1.0 h1:kunALQeHf1/185U1i0GOB/fy1IPRDDpuoOOqRReG57U=
golang.org/x/sys v0.1.0/go.mod h1:oPkhp1MJrh7nUepCBck5+mAzfO9JrbApNNgaTdGDITg=
golang.org/x/term v0.0.0-20201126162022-7de9c90e9dd1/go.mod h1:bj7SfCRtBDWHUb9snDiAeCFNEtKQo2Wmx5Cou7ajbmo=
golang.org/x/text v0.3.3/go.mod h1:5Zoc/QRtKVWzQhOtBMvqHzDpF6irO9z98xDceosuGiQ=
golang.org/x/tools v0.0.0-20180917221912-90fa682c2a6e/go.mod h1:n7NCudcB/nEzxVGmLbDWY5pfWTLqBcC2KZ6jyYvM4mQ=
golang.org/x/xerrors v0.0.0-20191204190536-9bdfabe68543/go.mod h1:I/5z698sn9Ka8TeJc9MKroUUfqBBauWjQqLJ2OPfmY0=
gopkg.in/check.v1 v0.0.0-20161208181325-20d25e280405/go.mod h1:Co6ibVJAznAaIkqp8huTwlJQCZ016jof/cbN4VW5Yz0=
gopkg.in/yaml.v3 v3.0.0-20200313102051-9f266ea9e77c h1:dUUwHk2QECo/6vqA44rthZ8ie2QXMNeKRTHCNY2nXvo=
gopkg.in/yaml.v3 v3.0.0-20200313102051-9f266ea9e77c/go.mod h1:K4uyk7z7BCEPqu6E+C64Yfv1cQ7kz7rIZviUmN+EgEM=
