github.com/agl/ed25519 v0.0.0-20170116200512-5312a6153412 h1:w1UutsfOrms1J05zt7ISrnJIXKzwaspym5BTKGx93EI=
github.com/agl/ed25519 v0.0.0-20170116200512-5312a6153412/go.mod h1:WPjqKcmVOxf0XSf3YxCJs6N6AOSrOx3obionmG7T0y0=
github.com/boltdb/bolt v1.3.1 h1:JQmyP4ZBrce+ZQu0dY660FMfatumYDLun9hBCUVIkF4=
github.com/boltdb/bolt v1.3.1/go.mod h1:clJnj/oiGkjum5o1McbSZDSLxVThjynRyGBgiAx27Ps=
github.com/bwmarrin/discordgo v0.22.0 h1:uBxY1HmlVCsW1IuaPjpCGT6A2DBwRn0nvOguQIxDdFM=
github.com/bwmarrin/discordgo v0.22.0/go.mod h1:c1WtWUGN6nREDmzIpyTp/iD3VYt4Fpx+bVyfBG7JE+M=
github.com/davecgh/go-spew v1.1.0/go.mod h1:J7Y8YcW2NihsgmVo/mv3lAwl/skON4iLHjSsI+c5H38=
github.com/davecgh/go-spew v1.1.1/go.mod h1:J7Y8YcW2NihsgmVo/mv3lAwl/skON4iLHjSsI+c5H38=
github.com/dchest/blake256 v1.0.0 h1:6gUgI5MHdz9g0TdrgKqXsoDX+Zjxmm1Sc6OsoGru50I=
github.com/dchest/blake256 v1.0.0/go.mod h1:xXNWCE1jsAP8DAjP+rKw2MbeqLczjI3TRx2VK+9OEYY=
github.com/decred/base58 v1.0.0 h1:BVi1FQCThIjZ0ehG+I99NJ51o0xcc9A/fDKhmJxY6+w=
github.com/decred/base58 v1.0.0/go.mod h1:LLY1p5e3g91byL/UO1eiZaYd+uRoVRarybgcoymu9Ks=
github.com/decred/dcrd/chaincfg/chainhash v1.0.1 h1:0vG7U9+dSjSCaHQKdoSKURK2pOb47+b+8FK5q4+Je7M=
github.com/decred/dcrd/chaincfg/chainhash v1.0.1/go.mod h1:OVfvaOsNLS/A1y4Eod0Ip/Lf8qga7VXCQjUQLbkY0Go=
github.com/decred/dcrd/chaincfg/v2 v2.0.2 h1:VeGY52lHuYT01tIGbvYj+OO0GaGxGaJmnh+4vGca1+U=
github.com/decred/dcrd/chaincfg/v2 v2.0.2/go.mod h1:hpKvhLCDAD/xDZ3V1Pqpv9fIKVYYi11DyxETguazyvg=
github.com/decred/dcrd/dcrec v1.0.0 h1:W+z6Es+Rai3MXYVoPAxYr5U1DGis0Co33scJ6uH2J6o=
github.com/decred/dcrd/dcrec v1.0.0/go.mod h1:HIaqbEJQ+PDzQcORxnqen5/V1FR3B4VpIfmePklt8Q8=
github.com/decred/dcrd/dcrec/edwards v1.0.0 h1:UDcPNzclKiJlWqV3x1Fl8xMCJrolo4PB4X9t8LwKDWU=
github.com/decred/dcrd/dcrec/edwards v1.0.0/go.mod h1:HblVh1OfMt7xSxUL1ufjToaEvpbjpWvvTAUx4yem8BI=
github.com/decred/dcrd/dcrec/secp256k1 v1.0.1/go.mod h1:lhu4eZFSfTJWUnR3CFRcpD+Vta0KUAqnhTsTksHXgy0=
github.com/decred/dcrd/dcrec/secp256k1 v1.0.2 h1:awk7sYJ4pGWmtkiGHFfctztJjHMKGLV8jctGQhAbKe0=
github.com/decred/dcrd/dcrec/secp256k1 v1.0.2/go.mod h1:CHTUIVfmDDd0KFVFpNX1pFVCBUegxW387nN0IGwNKR0=
github.com/decred/dcrd/dcrutil/v2 v2.0.0 h1:HTqn2tZ8eqBF4y3hJwjyKBmJt16y7/HjzpE82E/crhY=
github.com/decred/dcrd/dcrutil/v2 v2.0.0/go.mod h1:gUshVAXpd51DlcEhr51QfWL2HJGkMDM1U8chY+9VvQg=
github.com/decred/dcrd/wire v1.2.0 h1:HqJVB7vcklIguzFWgRXw/WYCQ9cD3bUC5TKj53i1Hng=
github.com/decred/dcrd/wire v1.2.0/go.mod h1:/JKOsLInOJu6InN+/zH5AyCq3YDIOW/EqcffvU8fJHM=
github.com/gorilla/websocket v1.4.0/go.mod h1:E7qHFY5m1UJ88s3WnNqhKjPHQ0heANvMoAMk2YaljkQ=
github.com/gorilla/websocket v1.4.1 h1:q7AeDBpnBk8AogcD4DSag/Ukw/KV+YhzLj2bP5HvKCM=
github.com/gorilla/websocket v1.4.1/go.mod h1:YR8l580nyteQvAITg2hZ9XVh4b55+EU/adAjf1fMHhE=
github.com/joho/godotenv v1.3.0 h1:Zjp+RcGpHhGlrMbJzXTrZZPrWj+1vfm90La1wgB6Bhc=
github.com/joho/godotenv v1.3.0/go.mod h1:7hK45KPybAkOC6peb+G5yklZfMxEjkZhHbwpqxOKXbg=
github.com/jpatel888/go-bitstamp v0.0.0-20180125153949-7d08dfbcc0bc h1:Fbk7EDFodORpaXy4Hu1fDbb4CGXzj9bNFTkpA1L0beU=
github.com/jpatel888/go-bitstamp v0.0.0-20180125153949-7d08dfbcc0bc/go.mod h1:Sp+1C8pWB88I7crpD+Bwl9mnhfV3VS1e12DNmuLq2pc=
github.com/jyap808/go-gemini v0.0.0-20180113015113-c6ff9465e3bc h1:hKwwquymdK+nDoLQRlspIw7q03srTYJpyiZDpL07bHE=
github.com/jyap808/go-gemini v0.0.0-20180113015113-c6ff9465e3bc/go.mod h1:Zbe5sVoWh546jeMr8OBdVBvLEKCg1mqhQvA/U+gCAuM=
github.com/jyap808/go-poloniex v0.0.0-20181001081930-50b163cd72c2 h1:5CQCpzTV77qX1ML/KObW9AGLuZrvlGsjFqr/hJZKgBY=
github.com/jyap808/go-poloniex v0.0.0-20181001081930-50b163cd72c2/go.mod h1:aCSpNKEeNiRJwY0WMW5DUoA8dbWTcB6Mrz5AO3S/jJo=
github.com/shopspring/decimal v0.0.0-20190905144223-a36b5d85f337 h1:Da9XEUfFxgyDOqUfwgoTDcWzmnlOnCGi6i4iPS+8Fbw=
github.com/shopspring/decimal v0.0.0-20190905144223-a36b5d85f337/go.mod h1:M+9NzErvs504Cn4c5DxATwIqPbtswREoFCre64PpcG4=
github.com/thebotguys/signalr v0.0.0-20190119054324-787ebe6729fc h1:fc58Le/8rVCU8jwXUot9i9lkWkEnL0YGI/WLrbXmTWw=
github.com/thebotguys/signalr v0.0.0-20190119054324-787ebe6729fc/go.mod h1:Vjxf5A2hvYlxWvXYlkXUNmlmWspXKKt7YpQ4O3XEd4w=
github.com/toorop/go-bittrex v0.0.0-20190830073639-940e8b39e80d h1:hvKujzeLQ7XcmHIXgsqpFpO5MA5Mla5qalBIe2yMoZ4=
github.com/toorop/go-bittrex v0.0.0-20190830073639-940e8b39e80d/go.mod h1:O13pGkQ2wK8qsRfBEw83OlZ2FSpCOf7M1DLnI0G+FUs=
golang.org/x/crypto v0.0.0-20181030102418-4d3f4d9ffa16/go.mod h1:6SG95UA2DQfeDnfUPMdvaQW0Q7yPrPDi9nlGo2tz2b4=
golang.org/x/crypto v0.0.0-20190308221718-c2843e01d9a2/go.mod h1:djNgcEr1/C05ACkg1iLfiJU5Ep61QUkGW8qpdssI0+w=
golang.org/x/crypto v0.0.0-20190611184440-5c40567a22f8/go.mod h1:yigFU9vqHzYiE8UmvKecakEJjdnWj3jj499lnFckfCI=
golang.org/x/crypto v0.0.0-20190927123631-a832865fa7ad h1:5E5raQxcv+6CZ11RrBYQe5WRbUIWpScjh0kvHZkZIrQ=
golang.org/x/crypto v0.0.0-20190927123631-a832865fa7ad/go.mod h1:yigFU9vqHzYiE8UmvKecakEJjdnWj3jj499lnFckfCI=
golang.org/x/net v0.0.0-20190404232315-eb5bcb51f2a3/go.mod h1:t9HGtf8HONx5eT2rtn7q6eTqICYqUVnKs3thJo3Qplg=
golang.org/x/sys v0.0.0-20190215142949-d0b11bdaac8a/go.mod h1:STP8DvDyc/dI5b8T5hshtkjS+E42TnysNCUPdjciGhY=
golang.org/x/sys v0.0.0-20190412213103-97732733099d/go.mod h1:h1NjWce9XRLGQEsW7wpKNCjG9DtNlClVuFLEZdDNbEs=
golang.org/x/sys v0.0.0-20190927073244-c990c680b611/go.mod h1:h1NjWce9XRLGQEsW7wpKNCjG9DtNlClVuFLEZdDNbEs=
golang.org/x/text v0.3.0/go.mod h1:NqM8EUOU14njkJ3fqMW+pc6Ldnwhi/IjpwHt7yyuwOQ=
